
Microsoft Visual Studio Solution File, Format Version 12.00
# Visual Studio 14
VisualStudioVersion = 14.0.25420.1
MinimumVisualStudioVersion = 10.0.40219.1
Project("{FAE04EC0-301F-11D3-BF4B-00C04F79EFBC}") = "HomeWork", "HomeWork\HomeWork.csproj", "{EA4740B3-4BDA-4F28-B469-4236F2A80B86}"
EndProject
Project("{FAE04EC0-301F-11D3-BF4B-00C04F79EFBC}") = "HomeWork.Tests", "HomeWork.Tests\HomeWork.Tests.csproj", "{C515A23F-C224-4BC1-B989-212F030C161D}"
EndProject
Global
	GlobalSection(SolutionConfigurationPlatforms) = preSolution
		Debug|Any CPU = Debug|Any CPU
		Release|Any CPU = Release|Any CPU
	EndGlobalSection
	GlobalSection(ProjectConfigurationPlatforms) = postSolution
		{EA4740B3-4BDA-4F28-B469-4236F2A80B86}.Debug|Any CPU.ActiveCfg = Debug|Any CPU
		{EA4740B3-4BDA-4F28-B469-4236F2A80B86}.Debug|Any CPU.Build.0 = Debug|Any CPU
		{EA4740B3-4BDA-4F28-B469-4236F2A80B86}.Release|Any CPU.ActiveCfg = Release|Any CPU
		{EA4740B3-4BDA-4F28-B469-4236F2A80B86}.Release|Any CPU.Build.0 = Release|Any CPU
		{C515A23F-C224-4BC1-B989-212F030C161D}.Debug|Any CPU.ActiveCfg = Debug|Any CPU
		{C515A23F-C224-4BC1-B989-212F030C161D}.Debug|Any CPU.Build.0 = Debug|Any CPU
		{C515A23F-C224-4BC1-B989-212F030C161D}.Release|Any CPU.ActiveCfg = Release|Any CPU
		{C515A23F-C224-4BC1-B989-212F030C161D}.Release|Any CPU.Build.0 = Release|Any CPU
	EndGlobalSection
	GlobalSection(SolutionProperties) = preSolution
		HideSolutionNode = FALSE
	EndGlobalSection
EndGlobal
